
Microsoft Visual Studio Solution File, Format Version 12.00
# Visual Studio Version 17
VisualStudioVersion = 17.6.33829.357
MinimumVisualStudioVersion = 10.0.40219.1
Project("{FAE04EC0-301F-11D3-BF4B-00C04F79EFBC}") = "DTOs", "DTOs\DTOs.csproj", "{426CE14F-D6A7-4116-ADC7-DEAD087FCC20}"
EndProject
Project("{FAE04EC0-301F-11D3-BF4B-00C04F79EFBC}") = "DataAccess", "DataAccess\DataAccess.csproj", "{FA68936F-83DB-4686-A353-BD1F323DA469}"
EndProject
Project("{FAE04EC0-301F-11D3-BF4B-00C04F79EFBC}") = "CoreLogic", "CoreLogic\CoreLogic.csproj", "{4BBFDB0D-EEFA-4000-98A6-17BFD768DA2E}"
EndProject
Project("{FAE04EC0-301F-11D3-BF4B-00C04F79EFBC}") = "WebAPI", "WebAPI\WebAPI.csproj", "{8A21DE19-8AFF-4C94-A4A9-576D30AC14F7}"
EndProject
Project("{FAE04EC0-301F-11D3-BF4B-00C04F79EFBC}") = "WebApp-ExamenPruebaFinal", "WebApp-ExamenPruebaFinal\WebApp-ExamenPruebaFinal.csproj", "{4AC1B97B-3187-4442-A224-4EF1105B263B}"
EndProject
Project("{2150E333-8FDC-42A3-9474-1A3956D46DE8}") = "01.DTOS", "01.DTOS", "{AD0ABED4-9FC8-4D8A-9FC4-C2709A1092EE}"
EndProject
Project("{2150E333-8FDC-42A3-9474-1A3956D46DE8}") = "02.DataAccess", "02.DataAccess", "{352AA221-3FEB-4717-9330-238E7FF17F7A}"
EndProject
Project("{2150E333-8FDC-42A3-9474-1A3956D46DE8}") = "03.Logic", "03.Logic", "{BAA04A23-3DB0-4845-983F-A04B55FFAD12}"
EndProject
Project("{2150E333-8FDC-42A3-9474-1A3956D46DE8}") = "04.WebAPI", "04.WebAPI", "{5C193C23-DD69-403B-91AE-7E9576E91D66}"
EndProject
Project("{2150E333-8FDC-42A3-9474-1A3956D46DE8}") = "05.WebAPP", "05.WebAPP", "{7B2E8EAA-42D8-4B24-87FA-D678AB0195EE}"
EndProject
Global
	GlobalSection(SolutionConfigurationPlatforms) = preSolution
		Debug|Any CPU = Debug|Any CPU
		Release|Any CPU = Release|Any CPU
	EndGlobalSection
	GlobalSection(ProjectConfigurationPlatforms) = postSolution
		{426CE14F-D6A7-4116-ADC7-DEAD087FCC20}.Debug|Any CPU.ActiveCfg = Debug|Any CPU
		{426CE14F-D6A7-4116-ADC7-DEAD087FCC20}.Debug|Any CPU.Build.0 = Debug|Any CPU
		{426CE14F-D6A7-4116-ADC7-DEAD087FCC20}.Release|Any CPU.ActiveCfg = Release|Any CPU
		{426CE14F-D6A7-4116-ADC7-DEAD087FCC20}.Release|Any CPU.Build.0 = Release|Any CPU
		{FA68936F-83DB-4686-A353-BD1F323DA469}.Debug|Any CPU.ActiveCfg = Debug|Any CPU
		{FA68936F-83DB-4686-A353-BD1F323DA469}.Debug|Any CPU.Build.0 = Debug|Any CPU
		{FA68936F-83DB-4686-A353-BD1F323DA469}.Release|Any CPU.ActiveCfg = Release|Any CPU
		{FA68936F-83DB-4686-A353-BD1F323DA469}.Release|Any CPU.Build.0 = Release|Any CPU
		{4BBFDB0D-EEFA-4000-98A6-17BFD768DA2E}.Debug|Any CPU.ActiveCfg = Debug|Any CPU
		{4BBFDB0D-EEFA-4000-98A6-17BFD768DA2E}.Debug|Any CPU.Build.0 = Debug|Any CPU
		{4BBFDB0D-EEFA-4000-98A6-17BFD768DA2E}.Release|Any CPU.ActiveCfg = Release|Any CPU
		{4BBFDB0D-EEFA-4000-98A6-17BFD768DA2E}.Release|Any CPU.Build.0 = Release|Any CPU
		{8A21DE19-8AFF-4C94-A4A9-576D30AC14F7}.Debug|Any CPU.ActiveCfg = Debug|Any CPU
		{8A21DE19-8AFF-4C94-A4A9-576D30AC14F7}.Debug|Any CPU.Build.0 = Debug|Any CPU
		{8A21DE19-8AFF-4C94-A4A9-576D30AC14F7}.Release|Any CPU.ActiveCfg = Release|Any CPU
		{8A21DE19-8AFF-4C94-A4A9-576D30AC14F7}.Release|Any CPU.Build.0 = Release|Any CPU
		{4AC1B97B-3187-4442-A224-4EF1105B263B}.Debug|Any CPU.ActiveCfg = Debug|Any CPU
		{4AC1B97B-3187-4442-A224-4EF1105B263B}.Debug|Any CPU.Build.0 = Debug|Any CPU
		{4AC1B97B-3187-4442-A224-4EF1105B263B}.Release|Any CPU.ActiveCfg = Release|Any CPU
		{4AC1B97B-3187-4442-A224-4EF1105B263B}.Release|Any CPU.Build.0 = Release|Any CPU
	EndGlobalSection
	GlobalSection(SolutionProperties) = preSolution
		HideSolutionNode = FALSE
	EndGlobalSection
	GlobalSection(NestedProjects) = preSolution
		{426CE14F-D6A7-4116-ADC7-DEAD087FCC20} = {AD0ABED4-9FC8-4D8A-9FC4-C2709A1092EE}
		{FA68936F-83DB-4686-A353-BD1F323DA469} = {352AA221-3FEB-4717-9330-238E7FF17F7A}
		{4BBFDB0D-EEFA-4000-98A6-17BFD768DA2E} = {BAA04A23-3DB0-4845-983F-A04B55FFAD12}
		{8A21DE19-8AFF-4C94-A4A9-576D30AC14F7} = {5C193C23-DD69-403B-91AE-7E9576E91D66}
		{4AC1B97B-3187-4442-A224-4EF1105B263B} = {7B2E8EAA-42D8-4B24-87FA-D678AB0195EE}
	EndGlobalSection
	GlobalSection(ExtensibilityGlobals) = postSolution
		SolutionGuid = {4220D4F0-4B3E-40B0-9072-6DD5C762D79E}
	EndGlobalSection
EndGlobal
